
Microsoft Visual Studio Solution File, Format Version 12.00
# Visual Studio 2013
VisualStudioVersion = 12.0.31101.0
MinimumVisualStudioVersion = 10.0.40219.1
Project("{8BC9CEB8-8B4A-11D0-8D11-00A0C91BC942}") = "MalwFinder", "exe.MalwFinder\MalwFinder.vcxproj", "{110C65CD-21FB-4FFD-A89D-227D85C8F858}"
	ProjectSection(ProjectDependencies) = postProject
		{174AA506-210A-4431-92E4-8F3B3416901E} = {174AA506-210A-4431-92E4-8F3B3416901E}
	EndProjectSection
EndProject
Project("{8BC9CEB8-8B4A-11D0-8D11-00A0C91BC942}") = "MalwFindLib", "dll.MalwFindLib\MalwFindLib.vcxproj", "{174AA506-210A-4431-92E4-8F3B3416901E}"
EndProject
Project("{8BC9CEB8-8B4A-11D0-8D11-00A0C91BC942}") = "Sys.MalwFind", "Sys.MalwFind\_PrjFile\MalwFind.vcxproj", "{9FA017CF-3BC8-4634-A53B-89E0161504E1}"
EndProject
Project("{8BC9CEB8-8B4A-11D0-8D11-00A0C91BC942}") = "Sys.MalwFind Package", "Sys.MalwFind\_PrjFile\Sys.MalwFind Package\MalwFind Package.vcxproj", "{4800F7DE-4335-4B2C-9FCF-A754225D631C}"
EndProject
Global
	GlobalSection(SolutionConfigurationPlatforms) = preSolution
		Debug|Win32 = Debug|Win32
		Debug|x64 = Debug|x64
		Release|Win32 = Release|Win32
		Release|x64 = Release|x64
		Win7 Debug|Win32 = Win7 Debug|Win32
		Win7 Debug|x64 = Win7 Debug|x64
		Win7 Release|Win32 = Win7 Release|Win32
		Win7 Release|x64 = Win7 Release|x64
		Win8 Debug|Win32 = Win8 Debug|Win32
		Win8 Debug|x64 = Win8 Debug|x64
		Win8 Release|Win32 = Win8 Release|Win32
		Win8 Release|x64 = Win8 Release|x64
		Win8.1 Debug|Win32 = Win8.1 Debug|Win32
		Win8.1 Debug|x64 = Win8.1 Debug|x64
		Win8.1 Release|Win32 = Win8.1 Release|Win32
		Win8.1 Release|x64 = Win8.1 Release|x64
	EndGlobalSection
	GlobalSection(ProjectConfigurationPlatforms) = postSolution
		{110C65CD-21FB-4FFD-A89D-227D85C8F858}.Debug|Win32.ActiveCfg = Debug|Win32
		{110C65CD-21FB-4FFD-A89D-227D85C8F858}.Debug|Win32.Build.0 = Debug|Win32
		{110C65CD-21FB-4FFD-A89D-227D85C8F858}.Debug|x64.ActiveCfg = Debug|x64
		{110C65CD-21FB-4FFD-A89D-227D85C8F858}.Debug|x64.Build.0 = Debug|x64
		{110C65CD-21FB-4FFD-A89D-227D85C8F858}.Release|Win32.ActiveCfg = Release|Win32
		{110C65CD-21FB-4FFD-A89D-227D85C8F858}.Release|Win32.Build.0 = Release|Win32
		{110C65CD-21FB-4FFD-A89D-227D85C8F858}.Release|x64.ActiveCfg = Release|x64
		{110C65CD-21FB-4FFD-A89D-227D85C8F858}.Release|x64.Build.0 = Release|x64
		{110C65CD-21FB-4FFD-A89D-227D85C8F858}.Release|x64.Deploy.0 = Release|x64
		{110C65CD-21FB-4FFD-A89D-227D85C8F858}.Win7 Debug|Win32.ActiveCfg = Debug|Win32
		{110C65CD-21FB-4FFD-A89D-227D85C8F858}.Win7 Debug|Win32.Build.0 = Debug|Win32
		{110C65CD-21FB-4FFD-A89D-227D85C8F858}.Win7 Debug|x64.ActiveCfg = Debug|Win32
		{110C65CD-21FB-4FFD-A89D-227D85C8F858}.Win7 Release|Win32.ActiveCfg = Release|Win32
		{110C65CD-21FB-4FFD-A89D-227D85C8F858}.Win7 Release|Win32.Build.0 = Release|Win32
		{110C65CD-21FB-4FFD-A89D-227D85C8F858}.Win7 Release|x64.ActiveCfg = Release|Win32
		{110C65CD-21FB-4FFD-A89D-227D85C8F858}.Win8 Debug|Win32.ActiveCfg = Debug|Win32
		{110C65CD-21FB-4FFD-A89D-227D85C8F858}.Win8 Debug|Win32.Build.0 = Debug|Win32
		{110C65CD-21FB-4FFD-A89D-227D85C8F858}.Win8 Debug|x64.ActiveCfg = Debug|Win32
		{110C65CD-21FB-4FFD-A89D-227D85C8F858}.Win8 Release|Win32.ActiveCfg = Release|Win32
		{110C65CD-21FB-4FFD-A89D-227D85C8F858}.Win8 Release|Win32.Build.0 = Release|Win32
		{110C65CD-21FB-4FFD-A89D-227D85C8F858}.Win8 Release|x64.ActiveCfg = Release|Win32
		{110C65CD-21FB-4FFD-A89D-227D85C8F858}.Win8.1 Debug|Win32.ActiveCfg = Debug|Win32
		{110C65CD-21FB-4FFD-A89D-227D85C8F858}.Win8.1 Debug|Win32.Build.0 = Debug|Win32
		{110C65CD-21FB-4FFD-A89D-227D85C8F858}.Win8.1 Debug|x64.ActiveCfg = Debug|Win32
		{110C65CD-21FB-4FFD-A89D-227D85C8F858}.Win8.1 Release|Win32.ActiveCfg = Release|Win32
		{110C65CD-21FB-4FFD-A89D-227D85C8F858}.Win8.1 Release|Win32.Build.0 = Release|Win32
		{110C65CD-21FB-4FFD-A89D-227D85C8F858}.Win8.1 Release|x64.ActiveCfg = Release|Win32
		{174AA506-210A-4431-92E4-8F3B3416901E}.Debug|Win32.ActiveCfg = Debug|Win32
		{174AA506-210A-4431-92E4-8F3B3416901E}.Debug|Win32.Build.0 = Debug|Win32
		{174AA506-210A-4431-92E4-8F3B3416901E}.Debug|x64.ActiveCfg = Debug|x64
		{174AA506-210A-4431-92E4-8F3B3416901E}.Debug|x64.Build.0 = Debug|x64
		{174AA506-210A-4431-92E4-8F3B3416901E}.Release|Win32.ActiveCfg = Release|Win32
		{174AA506-210A-4431-92E4-8F3B3416901E}.Release|Win32.Build.0 = Release|Win32
		{174AA506-210A-4431-92E4-8F3B3416901E}.Release|x64.ActiveCfg = Release|x64
		{174AA506-210A-4431-92E4-8F3B3416901E}.Release|x64.Build.0 = Release|x64
		{174AA506-210A-4431-92E4-8F3B3416901E}.Release|x64.Deploy.0 = Release|x64
		{174AA506-210A-4431-92E4-8F3B3416901E}.Win7 Debug|Win32.ActiveCfg = Debug|Win32
		{174AA506-210A-4431-92E4-8F3B3416901E}.Win7 Debug|Win32.Build.0 = Debug|Win32
		{174AA506-210A-4431-92E4-8F3B3416901E}.Win7 Debug|x64.ActiveCfg = Debug|Win32
		{174AA506-210A-4431-92E4-8F3B3416901E}.Win7 Release|Win32.ActiveCfg = Release|Win32
		{174AA506-210A-4431-92E4-8F3B3416901E}.Win7 Release|Win32.Build.0 = Release|Win32
		{174AA506-210A-4431-92E4-8F3B3416901E}.Win7 Release|x64.ActiveCfg = Release|Win32
		{174AA506-210A-4431-92E4-8F3B3416901E}.Win8 Debug|Win32.ActiveCfg = Debug|Win32
		{174AA506-210A-4431-92E4-8F3B3416901E}.Win8 Debug|Win32.Build.0 = Debug|Win32
		{174AA506-210A-4431-92E4-8F3B3416901E}.Win8 Debug|x64.ActiveCfg = Debug|Win32
		{174AA506-210A-4431-92E4-8F3B3416901E}.Win8 Release|Win32.ActiveCfg = Release|Win32
		{174AA506-210A-4431-92E4-8F3B3416901E}.Win8 Release|Win32.Build.0 = Release|Win32
		{174AA506-210A-4431-92E4-8F3B3416901E}.Win8 Release|x64.ActiveCfg = Release|Win32
		{174AA506-210A-4431-92E4-8F3B3416901E}.Win8.1 Debug|Win32.ActiveCfg = Debug|Win32
		{174AA506-210A-4431-92E4-8F3B3416901E}.Win8.1 Debug|Win32.Build.0 = Debug|Win32
		{174AA506-210A-4431-92E4-8F3B3416901E}.Win8.1 Debug|x64.ActiveCfg = Debug|Win32
		{174AA506-210A-4431-92E4-8F3B3416901E}.Win8.1 Release|Win32.ActiveCfg = Release|Win32
		{174AA506-210A-4431-92E4-8F3B3416901E}.Win8.1 Release|Win32.Build.0 = Release|Win32
		{174AA506-210A-4431-92E4-8F3B3416901E}.Win8.1 Release|x64.ActiveCfg = Release|Win32
		{9FA017CF-3BC8-4634-A53B-89E0161504E1}.Debug|Win32.ActiveCfg = Win8.1 Debug|Win32
		{9FA017CF-3BC8-4634-A53B-89E0161504E1}.Debug|Win32.Build.0 = Win8.1 Debug|Win32
		{9FA017CF-3BC8-4634-A53B-89E0161504E1}.Debug|x64.ActiveCfg = Win8.1 Debug|x64
		{9FA017CF-3BC8-4634-A53B-89E0161504E1}.Debug|x64.Build.0 = Win8.1 Debug|x64
		{9FA017CF-3BC8-4634-A53B-89E0161504E1}.Release|Win32.ActiveCfg = Win8.1 Release|Win32
		{9FA017CF-3BC8-4634-A53B-89E0161504E1}.Release|Win32.Build.0 = Win8.1 Release|Win32
		{9FA017CF-3BC8-4634-A53B-89E0161504E1}.Release|x64.ActiveCfg = Win8.1 Release|x64
		{9FA017CF-3BC8-4634-A53B-89E0161504E1}.Release|x64.Build.0 = Win8.1 Release|x64
		{9FA017CF-3BC8-4634-A53B-89E0161504E1}.Release|x64.Deploy.0 = Win8.1 Release|x64
		{9FA017CF-3BC8-4634-A53B-89E0161504E1}.Win7 Debug|Win32.ActiveCfg = Win7 Debug|Win32
		{9FA017CF-3BC8-4634-A53B-89E0161504E1}.Win7 Debug|Win32.Build.0 = Win7 Debug|Win32
		{9FA017CF-3BC8-4634-A53B-89E0161504E1}.Win7 Debug|x64.ActiveCfg = Win7 Debug|x64
		{9FA017CF-3BC8-4634-A53B-89E0161504E1}.Win7 Debug|x64.Build.0 = Win7 Debug|x64
		{9FA017CF-3BC8-4634-A53B-89E0161504E1}.Win7 Debug|x64.Deploy.0 = Win7 Debug|x64
		{9FA017CF-3BC8-4634-A53B-89E0161504E1}.Win7 Release|Win32.ActiveCfg = Win7 Release|Win32
		{9FA017CF-3BC8-4634-A53B-89E0161504E1}.Win7 Release|Win32.Build.0 = Win7 Release|Win32
		{9FA017CF-3BC8-4634-A53B-89E0161504E1}.Win7 Release|x64.ActiveCfg = Win7 Release|x64
		{9FA017CF-3BC8-4634-A53B-89E0161504E1}.Win7 Release|x64.Build.0 = Win7 Release|x64
		{9FA017CF-3BC8-4634-A53B-89E0161504E1}.Win7 Release|x64.Deploy.0 = Win7 Release|x64
		{9FA017CF-3BC8-4634-A53B-89E0161504E1}.Win8 Debug|Win32.ActiveCfg = Win8 Debug|Win32
		{9FA017CF-3BC8-4634-A53B-89E0161504E1}.Win8 Debug|Win32.Build.0 = Win8 Debug|Win32
		{9FA017CF-3BC8-4634-A53B-89E0161504E1}.Win8 Debug|x64.ActiveCfg = Win8 Debug|x64
		{9FA017CF-3BC8-4634-A53B-89E0161504E1}.Win8 Debug|x64.Build.0 = Win8 Debug|x64
		{9FA017CF-3BC8-4634-A53B-89E0161504E1}.Win8 Debug|x64.Deploy.0 = Win8 Debug|x64
		{9FA017CF-3BC8-4634-A53B-89E0161504E1}.Win8 Release|Win32.ActiveCfg = Win8 Release|Win32
		{9FA017CF-3BC8-4634-A53B-89E0161504E1}.Win8 Release|Win32.Build.0 = Win8 Release|Win32
		{9FA017CF-3BC8-4634-A53B-89E0161504E1}.Win8 Release|x64.ActiveCfg = Win8 Release|x64
		{9FA017CF-3BC8-4634-A53B-89E0161504E1}.Win8 Release|x64.Build.0 = Win8 Release|x64
		{9FA017CF-3BC8-4634-A53B-89E0161504E1}.Win8 Release|x64.Deploy.0 = Win8 Release|x64
		{9FA017CF-3BC8-4634-A53B-89E0161504E1}.Win8.1 Debug|Win32.ActiveCfg = Win8.1 Debug|Win32
		{9FA017CF-3BC8-4634-A53B-89E0161504E1}.Win8.1 Debug|Win32.Build.0 = Win8.1 Debug|Win32
		{9FA017CF-3BC8-4634-A53B-89E0161504E1}.Win8.1 Debug|x64.ActiveCfg = Win8.1 Debug|x64
		{9FA017CF-3BC8-4634-A53B-89E0161504E1}.Win8.1 Debug|x64.Build.0 = Win8.1 Debug|x64
		{9FA017CF-3BC8-4634-A53B-89E0161504E1}.Win8.1 Debug|x64.Deploy.0 = Win8.1 Debug|x64
		{9FA017CF-3BC8-4634-A53B-89E0161504E1}.Win8.1 Release|Win32.ActiveCfg = Win8.1 Release|Win32
		{9FA017CF-3BC8-4634-A53B-89E0161504E1}.Win8.1 Release|Win32.Build.0 = Win8.1 Release|Win32
		{9FA017CF-3BC8-4634-A53B-89E0161504E1}.Win8.1 Release|x64.ActiveCfg = Win8.1 Release|x64
		{9FA017CF-3BC8-4634-A53B-89E0161504E1}.Win8.1 Release|x64.Build.0 = Win8.1 Release|x64
		{9FA017CF-3BC8-4634-A53B-89E0161504E1}.Win8.1 Release|x64.Deploy.0 = Win8.1 Release|x64
		{4800F7DE-4335-4B2C-9FCF-A754225D631C}.Debug|Win32.ActiveCfg = Win8.1 Debug|Win32
		{4800F7DE-4335-4B2C-9FCF-A754225D631C}.Debug|Win32.Build.0 = Win8.1 Debug|Win32
		{4800F7DE-4335-4B2C-9FCF-A754225D631C}.Debug|x64.ActiveCfg = Win8.1 Debug|x64
		{4800F7DE-4335-4B2C-9FCF-A754225D631C}.Debug|x64.Build.0 = Win8.1 Debug|x64
		{4800F7DE-4335-4B2C-9FCF-A754225D631C}.Release|Win32.ActiveCfg = Win8.1 Release|Win32
		{4800F7DE-4335-4B2C-9FCF-A754225D631C}.Release|Win32.Build.0 = Win8.1 Release|Win32
		{4800F7DE-4335-4B2C-9FCF-A754225D631C}.Release|x64.ActiveCfg = Win8.1 Release|x64
		{4800F7DE-4335-4B2C-9FCF-A754225D631C}.Release|x64.Build.0 = Win8.1 Release|x64
		{4800F7DE-4335-4B2C-9FCF-A754225D631C}.Release|x64.Deploy.0 = Win8.1 Release|x64
		{4800F7DE-4335-4B2C-9FCF-A754225D631C}.Win7 Debug|Win32.ActiveCfg = Win7 Debug|Win32
		{4800F7DE-4335-4B2C-9FCF-A754225D631C}.Win7 Debug|Win32.Build.0 = Win7 Debug|Win32
		{4800F7DE-4335-4B2C-9FCF-A754225D631C}.Win7 Debug|x64.ActiveCfg = Win7 Debug|x64
		{4800F7DE-4335-4B2C-9FCF-A754225D631C}.Win7 Debug|x64.Build.0 = Win7 Debug|x64
		{4800F7DE-4335-4B2C-9FCF-A754225D631C}.Win7 Debug|x64.Deploy.0 = Win7 Debug|x64
		{4800F7DE-4335-4B2C-9FCF-A754225D631C}.Win7 Release|Win32.ActiveCfg = Win7 Release|Win32
		{4800F7DE-4335-4B2C-9FCF-A754225D631C}.Win7 Release|Win32.Build.0 = Win7 Release|Win32
		{4800F7DE-4335-4B2C-9FCF-A754225D631C}.Win7 Release|x64.ActiveCfg = Win7 Release|x64
		{4800F7DE-4335-4B2C-9FCF-A754225D631C}.Win7 Release|x64.Build.0 = Win7 Release|x64
		{4800F7DE-4335-4B2C-9FCF-A754225D631C}.Win7 Release|x64.Deploy.0 = Win7 Release|x64
		{4800F7DE-4335-4B2C-9FCF-A754225D631C}.Win8 Debug|Win32.ActiveCfg = Win8 Debug|Win32
		{4800F7DE-4335-4B2C-9FCF-A754225D631C}.Win8 Debug|Win32.Build.0 = Win8 Debug|Win32
		{4800F7DE-4335-4B2C-9FCF-A754225D631C}.Win8 Debug|x64.ActiveCfg = Win8 Debug|x64
		{4800F7DE-4335-4B2C-9FCF-A754225D631C}.Win8 Debug|x64.Build.0 = Win8 Debug|x64
		{4800F7DE-4335-4B2C-9FCF-A754225D631C}.Win8 Debug|x64.Deploy.0 = Win8 Debug|x64
		{4800F7DE-4335-4B2C-9FCF-A754225D631C}.Win8 Release|Win32.ActiveCfg = Win8 Release|Win32
		{4800F7DE-4335-4B2C-9FCF-A754225D631C}.Win8 Release|Win32.Build.0 = Win8 Release|Win32
		{4800F7DE-4335-4B2C-9FCF-A754225D631C}.Win8 Release|x64.ActiveCfg = Win8 Release|x64
		{4800F7DE-4335-4B2C-9FCF-A754225D631C}.Win8 Release|x64.Build.0 = Win8 Release|x64
		{4800F7DE-4335-4B2C-9FCF-A754225D631C}.Win8 Release|x64.Deploy.0 = Win8 Release|x64
		{4800F7DE-4335-4B2C-9FCF-A754225D631C}.Win8.1 Debug|Win32.ActiveCfg = Win8.1 Debug|Win32
		{4800F7DE-4335-4B2C-9FCF-A754225D631C}.Win8.1 Debug|Win32.Build.0 = Win8.1 Debug|Win32
		{4800F7DE-4335-4B2C-9FCF-A754225D631C}.Win8.1 Debug|x64.ActiveCfg = Win8.1 Debug|x64
		{4800F7DE-4335-4B2C-9FCF-A754225D631C}.Win8.1 Debug|x64.Build.0 = Win8.1 Debug|x64
		{4800F7DE-4335-4B2C-9FCF-A754225D631C}.Win8.1 Debug|x64.Deploy.0 = Win8.1 Debug|x64
		{4800F7DE-4335-4B2C-9FCF-A754225D631C}.Win8.1 Release|Win32.ActiveCfg = Win8.1 Release|Win32
		{4800F7DE-4335-4B2C-9FCF-A754225D631C}.Win8.1 Release|Win32.Build.0 = Win8.1 Release|Win32
		{4800F7DE-4335-4B2C-9FCF-A754225D631C}.Win8.1 Release|x64.ActiveCfg = Win8.1 Release|x64
		{4800F7DE-4335-4B2C-9FCF-A754225D631C}.Win8.1 Release|x64.Build.0 = Win8.1 Release|x64
		{4800F7DE-4335-4B2C-9FCF-A754225D631C}.Win8.1 Release|x64.Deploy.0 = Win8.1 Release|x64
	EndGlobalSection
	GlobalSection(SolutionProperties) = preSolution
		HideSolutionNode = FALSE
	EndGlobalSection
EndGlobal
