<?xml version="1.0" encoding="utf-8"?>
<Project ToolsVersion="4.0" xmlns="http://schemas.microsoft.com/developer/msbuild/2003">
  <ItemGroup>
    <Filter Include="Header Files">
      <UniqueIdentifier>{93995380-89BD-4b04-88EB-625FBE52EBFB}</UniqueIdentifier>
      <Extensions>h;hpp;hxx;hm;inl;inc;xsd</Extensions>
    </Filter>
    <Filter Include="Driver Files">
      <UniqueIdentifier>{8E41214B-6785-4CFE-B992-037D68949A14}</UniqueIdentifier>
      <Extensions>inf;inv;inx;mof;mc;</Extensions>
    </Filter>
  </ItemGroup>
  <ItemGroup>
    <Inf Include="MalwFind.inf">
      <Filter>Driver Files</Filter>
    </Inf>
  </ItemGroup>
  <ItemGroup>
    <None Include="..\BuildDriver.bat" />
    <None Include="..\makefile.mak" />
  </ItemGroup>
  <ItemGroup>
    <ClInclude Include="..\drvcommon.h">
      <Filter>Header Files</Filter>
    </ClInclude>
    <ClInclude Include="..\drvversion.h">
      <Filter>Header Files</Filter>
    </ClInclude>
    <ClInclude Include="..\MalwFind.h">
      <Filter>Header Files</Filter>
    </ClInclude>
    <ClInclude Include="..\MalwFind_Acctl.h">
      <Filter>Header Files</Filter>
    </ClInclude>
    <ClInclude Include="..\MalwFind_Cache.h">
      <Filter>Header Files</Filter>
    </ClInclude>
    <ClInclude Include="..\MalwFind_Command.h">
      <Filter>Header Files</Filter>
    </ClInclude>
    <ClInclude Include="..\MalwFind_DataTypes.h">
      <Filter>Header Files</Filter>
    </ClInclude>
    <ClInclude Include="..\MalwFind_DispHook.h">
      <Filter>Header Files</Filter>
    </ClInclude>
    <ClInclude Include="..\MalwFind_FastIoFunc.h">
      <Filter>Header Files</Filter>
    </ClInclude>
    <ClInclude Include="..\MalwFind_FileFunc.h">
      <Filter>Header Files</Filter>
    </ClInclude>
    <ClInclude Include="..\MalwFind_LogFunc.h">
      <Filter>Header Files</Filter>
    </ClInclude>
    <ClInclude Include="..\MalwFind_Process.h">
      <Filter>Header Files</Filter>
    </ClInclude>
    <ClInclude Include="..\MalwFind_RegFunc.h">
      <Filter>Header Files</Filter>
    </ClInclude>
    <ClInclude Include="..\MalwFind_Util.h">
      <Filter>Header Files</Filter>
    </ClInclude>
  </ItemGroup>
  <ItemGroup>
    <ClCompile Include="..\MalwFind.c" />
    <ClCompile Include="..\MalwFind_Acctl.c" />
    <ClCompile Include="..\MalwFind_Command.c" />
    <ClCompile Include="..\MalwFind_DispHook.c" />
    <ClCompile Include="..\MalwFind_FastIoFunc.c" />
    <ClCompile Include="..\MalwFind_FileFunc.c" />
    <ClCompile Include="..\MalwFind_LogFunc.c" />
    <ClCompile Include="..\MalwFind_Process.c" />
    <ClCompile Include="..\MalwFind_RegFunc.c" />
    <ClCompile Include="..\MalwFind_Util.c" />
  </ItemGroup>
  <ItemGroup>
    <ResourceCompile Include="..\MalwFind.rc" />
  </ItemGroup>
</Project>